{
  "lockfileVersion": 1,
  "configVersion": 0,
  "workspaces": {
    "": {
      "name": "morse",
    },
    "morse-cli": {
      "name": "morse-cli",
      "dependencies": {
        "@mysten/sui": "^2.4.0",
        "@mysten/walrus": "^1.0.4",
        "commander": "^14.0.3",
        "dotenv": "^17.3.1",
        "morse-sdk": "workspace:*",
      },
      "devDependencies": {
        "@biomejs/biome": "2.4.7",
        "@types/bun": "latest",
      },
      "peerDependencies": {
        "typescript": "^5",
      },
    },
    "morse-indexer": {
      "name": "morse-indexer",
      "dependencies": {
        "@mysten/sui": "^2.4.0",
      },
      "devDependencies": {
        "@types/bun": "latest",
      },
      "peerDependencies": {
        "typescript": "^5",
      },
    },
    "morse-sdk": {
      "name": "morse-sdk",
      "version": "0.0.0",
      "devDependencies": {
        "@biomejs/biome": "2.4.7",
        "@types/bun": "latest",
        "typescript": "^5.6.0",
      },
      "peerDependencies": {
        "@mysten/sui": "^2.4.0",
      },
    },
  },
  "packages": {
    "@0no-co/graphql.web": ["@0no-co/graphql.web@1.2.0", "", { "peerDependencies": { "graphql": "^14.0.0 || ^15.0.0 || ^16.0.0" }, "optionalPeers": ["graphql"] }, "sha512-/1iHy9TTr63gE1YcR5idjx8UREz1s0kFhydf3bBLCXyqjhkIc6igAzTOx3zPifCwFR87tsh/4Pa9cNts6d2otw=="],

    "@0no-co/graphqlsp": ["@0no-co/graphqlsp@1.15.2", "", { "dependencies": { "@gql.tada/internal": "^1.0.0", "graphql": "^15.5.0 || ^16.0.0 || ^17.0.0" }, "peerDependencies": { "typescript": "^5.0.0" } }, "sha512-Ys031WnS3sTQQBtRTkQsYnw372OlW72ais4sp0oh2UMPRNyxxnq85zRfU4PIdoy9kWriysPT5BYAkgIxhbonFA=="],

    "@biomejs/biome": ["@biomejs/biome@2.4.7", "", { "optionalDependencies": { "@biomejs/cli-darwin-arm64": "2.4.7", "@biomejs/cli-darwin-x64": "2.4.7", "@biomejs/cli-linux-arm64": "2.4.7", "@biomejs/cli-linux-arm64-musl": "2.4.7", "@biomejs/cli-linux-x64": "2.4.7", "@biomejs/cli-linux-x64-musl": "2.4.7", "@biomejs/cli-win32-arm64": "2.4.7", "@biomejs/cli-win32-x64": "2.4.7" }, "bin": { "biome": "bin/biome" } }, "sha512-vXrgcmNGZ4lpdwZSpMf1hWw1aWS6B+SyeSYKTLrNsiUsAdSRN0J4d/7mF3ogJFbIwFFSOL3wT92Zzxia/d5/ng=="],

    "@biomejs/cli-darwin-arm64": ["@biomejs/cli-darwin-arm64@2.4.7", "", { "os": "darwin", "cpu": "arm64" }, "sha512-Oo0cF5mHzmvDmTXw8XSjhCia8K6YrZnk7aCS54+/HxyMdZMruMO3nfpDsrlar/EQWe41r1qrwKiCa2QDYHDzWA=="],

    "@biomejs/cli-darwin-x64": ["@biomejs/cli-darwin-x64@2.4.7", "", { "os": "darwin", "cpu": "x64" }, "sha512-I+cOG3sd/7HdFtvDSnF9QQPrWguUH7zrkIMMykM3PtfWU9soTcS2yRb9Myq6MHmzbeCT08D1UmY+BaiMl5CcoQ=="],

    "@biomejs/cli-linux-arm64": ["@biomejs/cli-linux-arm64@2.4.7", "", { "os": "linux", "cpu": "arm64" }, "sha512-om6FugwmibzfP/6ALj5WRDVSND4H2G9X0nkI1HZpp2ySf9lW2j0X68oQSaHEnls6666oy4KDsc5RFjT4m0kV0w=="],

    "@biomejs/cli-linux-arm64-musl": ["@biomejs/cli-linux-arm64-musl@2.4.7", "", { "os": "linux", "cpu": "arm64" }, "sha512-I2NvM9KPb09jWml93O2/5WMfNR7Lee5Latag1JThDRMURVhPX74p9UDnyTw3Ae6cE1DgXfw7sqQgX7rkvpc0vw=="],

    "@biomejs/cli-linux-x64": ["@biomejs/cli-linux-x64@2.4.7", "", { "os": "linux", "cpu": "x64" }, "sha512-bV8/uo2Tj+gumnk4sUdkerWyCPRabaZdv88IpbmDWARQQoA/Q0YaqPz1a+LSEDIL7OfrnPi9Hq1Llz4ZIGyIQQ=="],

    "@biomejs/cli-linux-x64-musl": ["@biomejs/cli-linux-x64-musl@2.4.7", "", { "os": "linux", "cpu": "x64" }, "sha512-00kx4YrBMU8374zd2wHuRV5wseh0rom5HqRND+vDldJPrWwQw+mzd/d8byI9hPx926CG+vWzq6AeiT7Yi5y59g=="],

    "@biomejs/cli-win32-arm64": ["@biomejs/cli-win32-arm64@2.4.7", "", { "os": "win32", "cpu": "arm64" }, "sha512-hOUHBMlFCvDhu3WCq6vaBoG0dp0LkWxSEnEEsxxXvOa9TfT6ZBnbh72A/xBM7CBYB7WgwqboetzFEVDnMxelyw=="],

    "@biomejs/cli-win32-x64": ["@biomejs/cli-win32-x64@2.4.7", "", { "os": "win32", "cpu": "x64" }, "sha512-qEpGjSkPC3qX4ycbMUthXvi9CkRq7kZpkqMY1OyhmYlYLnANnooDQ7hDerM8+0NJ+DZKVnsIc07h30XOpt7LtQ=="],

    "@gql.tada/cli-utils": ["@gql.tada/cli-utils@1.7.2", "", { "dependencies": { "@0no-co/graphqlsp": "^1.12.13", "@gql.tada/internal": "1.0.8", "graphql": "^15.5.0 || ^16.0.0 || ^17.0.0" }, "peerDependencies": { "@gql.tada/svelte-support": "1.0.1", "@gql.tada/vue-support": "1.0.1", "typescript": "^5.0.0" }, "optionalPeers": ["@gql.tada/svelte-support", "@gql.tada/vue-support"] }, "sha512-Qbc7hbLvCz6IliIJpJuKJa9p05b2Jona7ov7+qofCsMRxHRZE1kpAmZMvL8JCI4c0IagpIlWNaMizXEQUe8XjQ=="],

    "@gql.tada/internal": ["@gql.tada/internal@1.0.8", "", { "dependencies": { "@0no-co/graphql.web": "^1.0.5" }, "peerDependencies": { "graphql": "^15.5.0 || ^16.0.0 || ^17.0.0", "typescript": "^5.0.0" } }, "sha512-XYdxJhtHC5WtZfdDqtKjcQ4d7R1s0d1rnlSs3OcBEUbYiPoJJfZU7tWsVXuv047Z6msvmr4ompJ7eLSK5Km57g=="],

    "@graphql-typed-document-node/core": ["@graphql-typed-document-node/core@3.2.0", "", { "peerDependencies": { "graphql": "^0.8.0 || ^0.9.0 || ^0.10.0 || ^0.11.0 || ^0.12.0 || ^0.13.0 || ^14.0.0 || ^15.0.0 || ^16.0.0 || ^17.0.0" } }, "sha512-mB9oAsNCm9aM3/SOv4YtBMqZbYj10R7dkq8byBqxGY/ncFwhf2oQzMV+LCRlWoDSEBJ3COiR1yeDvMtsoOsuFQ=="],

    "@mysten/bcs": ["@mysten/bcs@2.0.3", "", { "dependencies": { "@mysten/utils": "^0.3.1", "@scure/base": "^2.0.0" } }, "sha512-dwcaL4HNAsEGpU3hKUAsXgCZp9l6++e2A3THpzoYZ8e7bsy4XH1V0dXD5dIzgNcVZiZfb6ZnDMG+gdF6+1WOQA=="],

    "@mysten/sui": ["@mysten/sui@2.9.1", "", { "dependencies": { "@graphql-typed-document-node/core": "^3.2.0", "@mysten/bcs": "^2.0.3", "@mysten/utils": "^0.3.1", "@noble/curves": "^2.0.1", "@noble/hashes": "^2.0.1", "@protobuf-ts/grpcweb-transport": "^2.11.1", "@protobuf-ts/runtime": "^2.11.1", "@protobuf-ts/runtime-rpc": "^2.11.1", "@scure/base": "^2.0.0", "@scure/bip32": "^2.0.1", "@scure/bip39": "^2.0.1", "gql.tada": "^1.9.0", "graphql": "^16.12.0", "poseidon-lite": "0.2.1", "valibot": "^1.2.0" } }, "sha512-yvwDYor42B+ylnba5E4C4BXqFcgOwxOiaIq5BbPy17XkMP1ULIeyccOjqWE5lGSXE9rHLqZ9N5dZOqBrJCJr6g=="],

    "@mysten/utils": ["@mysten/utils@0.3.1", "", { "dependencies": { "@scure/base": "^2.0.0" } }, "sha512-36KhxG284uhDdSnlkyNaS6fzKTX9FpP2WQWOwUKIRsqQFFIm2ooCf2TP1IuqrtMpkairwpiWkAS0eg7cpemVzg=="],

    "@mysten/walrus": ["@mysten/walrus@1.1.0", "", { "dependencies": { "@mysten/bcs": "^2.0.3", "@mysten/utils": "^0.3.1", "@mysten/walrus-wasm": "^0.2.0", "dataloader": "^2.2.3" }, "peerDependencies": { "@mysten/sui": "^2.9.1" } }, "sha512-8BpuwUEhD1WzHOGgLAkofOTeBu7HPNhqPI+Lc4pzE/rYdd3O07KlqeCsG+VaS+3JJh3VzS3u8eYMSXZ0yMaczQ=="],

    "@mysten/walrus-wasm": ["@mysten/walrus-wasm@0.2.0", "", {}, "sha512-QYZoS6CIoFnVxqYClXkwgeoUjnNUyPdXwoD1Re4Xo/TVdXXmpH46akodNJ+e6egUSrjzHgeiRgfAuq57sDXGNA=="],

    "@noble/curves": ["@noble/curves@2.0.1", "", { "dependencies": { "@noble/hashes": "2.0.1" } }, "sha512-vs1Az2OOTBiP4q0pwjW5aF0xp9n4MxVrmkFBxc6EKZc6ddYx5gaZiAsZoq0uRRXWbi3AT/sBqn05eRPtn1JCPw=="],

    "@noble/hashes": ["@noble/hashes@2.0.1", "", {}, "sha512-XlOlEbQcE9fmuXxrVTXCTlG2nlRXa9Rj3rr5Ue/+tX+nmkgbX720YHh0VR3hBF9xDvwnb8D2shVGOwNx+ulArw=="],

    "@protobuf-ts/grpcweb-transport": ["@protobuf-ts/grpcweb-transport@2.11.1", "", { "dependencies": { "@protobuf-ts/runtime": "^2.11.1", "@protobuf-ts/runtime-rpc": "^2.11.1" } }, "sha512-1W4utDdvOB+RHMFQ0soL4JdnxjXV+ddeGIUg08DvZrA8Ms6k5NN6GBFU2oHZdTOcJVpPrDJ02RJlqtaoCMNBtw=="],

    "@protobuf-ts/runtime": ["@protobuf-ts/runtime@2.11.1", "", {}, "sha512-KuDaT1IfHkugM2pyz+FwiY80ejWrkH1pAtOBOZFuR6SXEFTsnb/jiQWQ1rCIrcKx2BtyxnxW6BWwsVSA/Ie+WQ=="],

    "@protobuf-ts/runtime-rpc": ["@protobuf-ts/runtime-rpc@2.11.1", "", { "dependencies": { "@protobuf-ts/runtime": "^2.11.1" } }, "sha512-4CqqUmNA+/uMz00+d3CYKgElXO9VrEbucjnBFEjqI4GuDrEQ32MaI3q+9qPBvIGOlL4PmHXrzM32vBPWRhQKWQ=="],

    "@scure/base": ["@scure/base@2.0.0", "", {}, "sha512-3E1kpuZginKkek01ovG8krQ0Z44E3DHPjc5S2rjJw9lZn3KSQOs8S7wqikF/AH7iRanHypj85uGyxk0XAyC37w=="],

    "@scure/bip32": ["@scure/bip32@2.0.1", "", { "dependencies": { "@noble/curves": "2.0.1", "@noble/hashes": "2.0.1", "@scure/base": "2.0.0" } }, "sha512-4Md1NI5BzoVP+bhyJaY3K6yMesEFzNS1sE/cP+9nuvE7p/b0kx9XbpDHHFl8dHtufcbdHRUUQdRqLIPHN/s7yA=="],

    "@scure/bip39": ["@scure/bip39@2.0.1", "", { "dependencies": { "@noble/hashes": "2.0.1", "@scure/base": "2.0.0" } }, "sha512-PsxdFj/d2AcJcZDX1FXN3dDgitDDTmwf78rKZq1a6c1P1Nan1X/Sxc7667zU3U+AN60g7SxxP0YCVw2H/hBycg=="],

    "@types/bun": ["@types/bun@1.3.11", "", { "dependencies": { "bun-types": "1.3.11" } }, "sha512-5vPne5QvtpjGpsGYXiFyycfpDF2ECyPcTSsFBMa0fraoxiQyMJ3SmuQIGhzPg2WJuWxVBoxWJ2kClYTcw/4fAg=="],

    "@types/node": ["@types/node@25.5.0", "", { "dependencies": { "undici-types": "~7.18.0" } }, "sha512-jp2P3tQMSxWugkCUKLRPVUpGaL5MVFwF8RDuSRztfwgN1wmqJeMSbKlnEtQqU8UrhTmzEmZdu2I6v2dpp7XIxw=="],

    "bun-types": ["bun-types@1.3.11", "", { "dependencies": { "@types/node": "*" } }, "sha512-1KGPpoxQWl9f6wcZh57LvrPIInQMn2TQ7jsgxqpRzg+l0QPOFvJVH7HmvHo/AiPgwXy+/Thf6Ov3EdVn1vOabg=="],

    "commander": ["commander@14.0.3", "", {}, "sha512-H+y0Jo/T1RZ9qPP4Eh1pkcQcLRglraJaSLoyOtHxu6AapkjWVCy2Sit1QQ4x3Dng8qDlSsZEet7g5Pq06MvTgw=="],

    "dataloader": ["dataloader@2.2.3", "", {}, "sha512-y2krtASINtPFS1rSDjacrFgn1dcUuoREVabwlOGOe4SdxenREqwjwjElAdwvbGM7kgZz9a3KVicWR7vcz8rnzA=="],

    "dotenv": ["dotenv@17.3.1", "", {}, "sha512-IO8C/dzEb6O3F9/twg6ZLXz164a2fhTnEWb95H23Dm4OuN+92NmEAlTrupP9VW6Jm3sO26tQlqyvyi4CsnY9GA=="],

    "gql.tada": ["gql.tada@1.9.0", "", { "dependencies": { "@0no-co/graphql.web": "^1.0.5", "@0no-co/graphqlsp": "^1.12.13", "@gql.tada/cli-utils": "1.7.2", "@gql.tada/internal": "1.0.8" }, "peerDependencies": { "typescript": "^5.0.0" }, "bin": { "gql.tada": "bin/cli.js", "gql-tada": "bin/cli.js" } }, "sha512-1LMiA46dRs5oF7Qev6vMU32gmiNvM3+3nHoQZA9K9j2xQzH8xOAWnnJrLSbZOFHTSdFxqn86TL6beo1/7ja/aA=="],

    "graphql": ["graphql@16.13.1", "", {}, "sha512-gGgrVCoDKlIZ8fIqXBBb0pPKqDgki0Z/FSKNiQzSGj2uEYHr1tq5wmBegGwJx6QB5S5cM0khSBpi/JFHMCvsmQ=="],

    "morse-cli": ["morse-cli@workspace:morse-cli"],

    "morse-indexer": ["morse-indexer@workspace:morse-indexer"],

    "morse-sdk": ["morse-sdk@workspace:morse-sdk"],

    "poseidon-lite": ["poseidon-lite@0.2.1", "", {}, "sha512-xIr+G6HeYfOhCuswdqcFpSX47SPhm0EpisWJ6h7fHlWwaVIvH3dLnejpatrtw6Xc6HaLrpq05y7VRfvDmDGIog=="],

    "typescript": ["typescript@5.9.3", "", { "bin": { "tsc": "bin/tsc", "tsserver": "bin/tsserver" } }, "sha512-jl1vZzPDinLr9eUt3J/t7V6FgNEw9QjvBPdysz9KfQDD41fQrC2Y4vKQdiaUpFT4bXlb1RHhLpp8wtm6M5TgSw=="],

    "undici-types": ["undici-types@7.18.2", "", {}, "sha512-AsuCzffGHJybSaRrmr5eHr81mwJU3kjw6M+uprWvCXiNeN9SOGwQ3Jn8jb8m3Z6izVgknn1R0FTCEAP2QrLY/w=="],

    "valibot": ["valibot@1.3.1", "", { "peerDependencies": { "typescript": ">=5" }, "optionalPeers": ["typescript"] }, "sha512-sfdRir/QFM0JaF22hqTroPc5xy4DimuGQVKFrzF1YfGwaS1nJot3Y8VqMdLO2Lg27fMzat2yD3pY5PbAYO39Gg=="],

    "morse-sdk/@types/bun": ["@types/bun@1.3.12", "", { "dependencies": { "bun-types": "1.3.12" } }, "sha512-DBv81elK+/VSwXHDlnH3Qduw+KxkTIWi7TXkAeh24zpi5l0B2kUg9Ga3tb4nJaPcOFswflgi/yAvMVBPrxMB+A=="],

    "morse-sdk/@types/bun/bun-types": ["bun-types@1.3.12", "", { "dependencies": { "@types/node": "*" } }, "sha512-HqOLj5PoFajAQciOMRiIZGNoKxDJSr6qigAttOX40vJuSp6DN/CxWp9s3C1Xwm4oH7ybueITwiaOcWXoYVoRkA=="],
  }
}
